
Microsoft Visual Studio Solution File, Format Version 10.00
# Visual C# Express 2008
Project("{FAE04EC0-301F-11D3-BF4B-00C04F79EFBC}") = "CrontabViewer", "CrontabViewer\CrontabViewer.csproj", "{0604EB00-E603-4B25-BC71-DC949BA3603D}"
EndProject
Project("{FAE04EC0-301F-11D3-BF4B-00C04F79EFBC}") = "CrontabViewerEngine", "CrontabViewerEngine\CrontabViewerEngine.csproj", "{0B58C6F8-8FB2-404C-B7A1-6719AC5FEA37}"
EndProject
Global
	GlobalSection(SolutionConfigurationPlatforms) = preSolution
		Debug|Any CPU = Debug|Any CPU
		Release|Any CPU = Release|Any CPU
	EndGlobalSection
	GlobalSection(ProjectConfigurationPlatforms) = postSolution
		{0604EB00-E603-4B25-BC71-DC949BA3603D}.Debug|Any CPU.ActiveCfg = Debug|Any CPU
		{0604EB00-E603-4B25-BC71-DC949BA3603D}.Debug|Any CPU.Build.0 = Debug|Any CPU
		{0604EB00-E603-4B25-BC71-DC949BA3603D}.Release|Any CPU.ActiveCfg = Release|Any CPU
		{0604EB00-E603-4B25-BC71-DC949BA3603D}.Release|Any CPU.Build.0 = Release|Any CPU
		{0B58C6F8-8FB2-404C-B7A1-6719AC5FEA37}.Debug|Any CPU.ActiveCfg = Debug|Any CPU
		{0B58C6F8-8FB2-404C-B7A1-6719AC5FEA37}.Debug|Any CPU.Build.0 = Debug|Any CPU
		{0B58C6F8-8FB2-404C-B7A1-6719AC5FEA37}.Release|Any CPU.ActiveCfg = Release|Any CPU
		{0B58C6F8-8FB2-404C-B7A1-6719AC5FEA37}.Release|Any CPU.Build.0 = Release|Any CPU
	EndGlobalSection
	GlobalSection(SolutionProperties) = preSolution
		HideSolutionNode = FALSE
	EndGlobalSection
EndGlobal
